
Microsoft Visual Studio Solution File, Format Version 10.00
# Visual Studio 2008
Project("{FAE04EC0-301F-11D3-BF4B-00C04F79EFBC}") = "EnumHandling", "EnumHandling\EnumHandling.csproj", "{DB36279A-9684-44F8-A3B4-06087E9B5B43}"
EndProject
Global
	GlobalSection(SolutionConfigurationPlatforms) = preSolution
		Debug|Any CPU = Debug|Any CPU
		Release|Any CPU = Release|Any CPU
	EndGlobalSection
	GlobalSection(ProjectConfigurationPlatforms) = postSolution
		{DB36279A-9684-44F8-A3B4-06087E9B5B43}.Debug|Any CPU.ActiveCfg = Debug|Any CPU
		{DB36279A-9684-44F8-A3B4-06087E9B5B43}.Debug|Any CPU.Build.0 = Debug|Any CPU
		{DB36279A-9684-44F8-A3B4-06087E9B5B43}.Release|Any CPU.ActiveCfg = Release|Any CPU
		{DB36279A-9684-44F8-A3B4-06087E9B5B43}.Release|Any CPU.Build.0 = Release|Any CPU
	EndGlobalSection
	GlobalSection(SolutionProperties) = preSolution
		HideSolutionNode = FALSE
	EndGlobalSection
EndGlobal
