
Microsoft Visual Studio Solution File, Format Version 11.00
# Visual Studio 2010
Project("{FAE04EC0-301F-11D3-BF4B-00C04F79EFBC}") = "silverlight", "silverlight\silverlight.csproj", "{14FF6A87-C346-4CBC-A176-86678486D8C3}"
EndProject
Project("{F184B08F-C81C-45F6-A57F-5ABD9991F28F}") = "silverlightVB", "silverlightVB\silverlightVB.vbproj", "{BFF29275-06E1-4EFF-B2FF-BE5723CD6E83}"
EndProject
Global
	GlobalSection(SolutionConfigurationPlatforms) = preSolution
		Debug|Any CPU = Debug|Any CPU
		Release|Any CPU = Release|Any CPU
	EndGlobalSection
	GlobalSection(ProjectConfigurationPlatforms) = postSolution
		{14FF6A87-C346-4CBC-A176-86678486D8C3}.Debug|Any CPU.ActiveCfg = Debug|Any CPU
		{14FF6A87-C346-4CBC-A176-86678486D8C3}.Debug|Any CPU.Build.0 = Debug|Any CPU
		{14FF6A87-C346-4CBC-A176-86678486D8C3}.Release|Any CPU.ActiveCfg = Release|Any CPU
		{14FF6A87-C346-4CBC-A176-86678486D8C3}.Release|Any CPU.Build.0 = Release|Any CPU
		{BFF29275-06E1-4EFF-B2FF-BE5723CD6E83}.Debug|Any CPU.ActiveCfg = Debug|Any CPU
		{BFF29275-06E1-4EFF-B2FF-BE5723CD6E83}.Debug|Any CPU.Build.0 = Debug|Any CPU
		{BFF29275-06E1-4EFF-B2FF-BE5723CD6E83}.Release|Any CPU.ActiveCfg = Release|Any CPU
		{BFF29275-06E1-4EFF-B2FF-BE5723CD6E83}.Release|Any CPU.Build.0 = Release|Any CPU
	EndGlobalSection
	GlobalSection(SolutionProperties) = preSolution
		HideSolutionNode = FALSE
	EndGlobalSection
EndGlobal
