
Microsoft Visual Studio Solution File, Format Version 11.00
# Visual Studio 2010
Project("{FAE04EC0-301F-11D3-BF4B-00C04F79EFBC}") = "Db4objects.Db4o-2010", "Db4objects.Db4o\Db4objects.Db4o-2010.csproj", "{600CD3BF-2ED2-4183-87F7-ADD78A968AE0}"
EndProject
Project("{FAE04EC0-301F-11D3-BF4B-00C04F79EFBC}") = "Db4objects.Db4o.CS-2010", "Db4objects.Db4o.CS\Db4objects.Db4o.CS-2010.csproj", "{9FA8178A-3E77-42C5-A252-6690EA9BA257}"
EndProject
Project("{FAE04EC0-301F-11D3-BF4B-00C04F79EFBC}") = "Db4objects.Db4o.CS.Optional-2010", "Db4objects.Db4o.CS.Optional\Db4objects.Db4o.CS.Optional-2010.csproj", "{2DC5A1FA-7BD9-4937-9E36-2EED126B7809}"
EndProject
Project("{FAE04EC0-301F-11D3-BF4B-00C04F79EFBC}") = "Db4objects.Db4o.Data.Services-2010", "Db4objects.Db4o.Data.Services\Db4objects.Db4o.Data.Services-2010.csproj", "{8DA7BEBC-170D-4F66-A215-6B3BDF73795F}"
EndProject
Project("{FAE04EC0-301F-11D3-BF4B-00C04F79EFBC}") = "Db4objects.Db4o.Data.Services.Tests-2010", "Db4objects.Db4o.Data.Services.Tests\Db4objects.Db4o.Data.Services.Tests-2010.csproj", "{27FDA74C-DDA4-41E0-838A-660B22283B7C}"
EndProject
Project("{FAE04EC0-301F-11D3-BF4B-00C04F79EFBC}") = "Db4objects.Db4o.Linq-2010", "Db4objects.Db4o.Linq\Db4objects.Db4o.Linq-2010.csproj", "{23531440-0922-43EB-A483-6592FFC2F093}"
EndProject
Project("{FAE04EC0-301F-11D3-BF4B-00C04F79EFBC}") = "Db4objects.Db4o.Linq.Tests-2010", "Db4objects.Db4o.Linq.Tests\Db4objects.Db4o.Linq.Tests-2010.csproj", "{22AB6F58-39BF-4580-821B-5900E31AC33A}"
EndProject
Project("{FAE04EC0-301F-11D3-BF4B-00C04F79EFBC}") = "Db4objects.Db4o.NativeQueries-2010", "Db4objects.Db4o.NativeQueries\Db4objects.Db4o.NativeQueries-2010.csproj", "{AB1BF369-A9C4-4876-9797-178DB8AD437F}"
EndProject
Project("{FAE04EC0-301F-11D3-BF4B-00C04F79EFBC}") = "Db4objects.Db4o.Optional-2010", "Db4objects.Db4o.Optional\Db4objects.Db4o.Optional-2010.csproj", "{E9588FE7-C19D-445E-BB53-AE539EA4F0E6}"
EndProject
Project("{FAE04EC0-301F-11D3-BF4B-00C04F79EFBC}") = "Db4objects.Db4o.Tests-2010", "Db4objects.Db4o.Tests\Db4objects.Db4o.Tests-2010.csproj", "{7FBF7399-7815-4AC2-8DE8-B21AA8FE9048}"
EndProject
Project("{FAE04EC0-301F-11D3-BF4B-00C04F79EFBC}") = "Db4oTool-2010", "Db4oTool\Db4oTool\Db4oTool-2010.csproj", "{6F3BE659-0653-4982-94D6-F1D9D8887E09}"
EndProject
Project("{FAE04EC0-301F-11D3-BF4B-00C04F79EFBC}") = "Db4oTool.Tests-2010", "Db4oTool\Db4oTool.Tests\Db4oTool.Tests-2010.csproj", "{69859DB2-4DE3-4DE4-A0BB-13861418378F}"
EndProject
Project("{FAE04EC0-301F-11D3-BF4B-00C04F79EFBC}") = "Db4oUnit-2010", "Db4oUnit\Db4oUnit-2010.csproj", "{8F82F8B0-95B6-4553-BDA8-BD9A954E682F}"
EndProject
Project("{FAE04EC0-301F-11D3-BF4B-00C04F79EFBC}") = "Db4oUnit.Extensions-2010", "Db4oUnit.Extensions\Db4oUnit.Extensions-2010.csproj", "{9446B00C-E8A6-4CEB-83DE-2CAC5168DFE3}"
EndProject
Project("{F184B08F-C81C-45F6-A57F-5ABD9991F28F}") = "Db4objects.Db4o.Linq.VB.Tests-2010", "Db4objects.Db4o.Linq.VB.Tests\Db4objects.Db4o.Linq.VB.Tests-2010.vbproj", "{1B1EA933-A4CF-40EA-91F8-0C359242B6B4}"
EndProject
Project("{FAE04EC0-301F-11D3-BF4B-00C04F79EFBC}") = "Db4objects.Db4o.Linq.Instrumentation.Tests-2010", "Db4objects.Db4o.Linq.Instrumentation.Tests\Db4objects.Db4o.Linq.Instrumentation.Tests-2010.csproj", "{34A9FF31-90E6-4C19-AD64-3C4512C521FE}"
EndProject
Project("{FAE04EC0-301F-11D3-BF4B-00C04F79EFBC}") = "Db4objects.Db4o.Instrumentation-2010", "Db4objects.Db4o.Instrumentation\Db4objects.Db4o.Instrumentation-2010.csproj", "{DFE1C46F-BB18-4B6A-AE34-4366F58BEB5A}"
EndProject
Global
	GlobalSection(SolutionConfigurationPlatforms) = preSolution
		Debug|Any CPU = Debug|Any CPU
		Release|Any CPU = Release|Any CPU
	EndGlobalSection
	GlobalSection(ProjectConfigurationPlatforms) = postSolution
		{600CD3BF-2ED2-4183-87F7-ADD78A968AE0}.Debug|Any CPU.ActiveCfg = Debug|Any CPU
		{600CD3BF-2ED2-4183-87F7-ADD78A968AE0}.Debug|Any CPU.Build.0 = Debug|Any CPU
		{600CD3BF-2ED2-4183-87F7-ADD78A968AE0}.Release|Any CPU.ActiveCfg = Release|Any CPU
		{600CD3BF-2ED2-4183-87F7-ADD78A968AE0}.Release|Any CPU.Build.0 = Release|Any CPU
		{9FA8178A-3E77-42C5-A252-6690EA9BA257}.Debug|Any CPU.ActiveCfg = Debug|Any CPU
		{9FA8178A-3E77-42C5-A252-6690EA9BA257}.Debug|Any CPU.Build.0 = Debug|Any CPU
		{9FA8178A-3E77-42C5-A252-6690EA9BA257}.Release|Any CPU.ActiveCfg = Release|Any CPU
		{9FA8178A-3E77-42C5-A252-6690EA9BA257}.Release|Any CPU.Build.0 = Release|Any CPU
		{2DC5A1FA-7BD9-4937-9E36-2EED126B7809}.Debug|Any CPU.ActiveCfg = Debug|Any CPU
		{2DC5A1FA-7BD9-4937-9E36-2EED126B7809}.Debug|Any CPU.Build.0 = Debug|Any CPU
		{2DC5A1FA-7BD9-4937-9E36-2EED126B7809}.Release|Any CPU.ActiveCfg = Release|Any CPU
		{2DC5A1FA-7BD9-4937-9E36-2EED126B7809}.Release|Any CPU.Build.0 = Release|Any CPU
		{8DA7BEBC-170D-4F66-A215-6B3BDF73795F}.Debug|Any CPU.ActiveCfg = Debug|Any CPU
		{8DA7BEBC-170D-4F66-A215-6B3BDF73795F}.Debug|Any CPU.Build.0 = Debug|Any CPU
		{8DA7BEBC-170D-4F66-A215-6B3BDF73795F}.Release|Any CPU.ActiveCfg = Release|Any CPU
		{8DA7BEBC-170D-4F66-A215-6B3BDF73795F}.Release|Any CPU.Build.0 = Release|Any CPU
		{27FDA74C-DDA4-41E0-838A-660B22283B7C}.Debug|Any CPU.ActiveCfg = Debug|Any CPU
		{27FDA74C-DDA4-41E0-838A-660B22283B7C}.Debug|Any CPU.Build.0 = Debug|Any CPU
		{27FDA74C-DDA4-41E0-838A-660B22283B7C}.Release|Any CPU.ActiveCfg = Release|Any CPU
		{27FDA74C-DDA4-41E0-838A-660B22283B7C}.Release|Any CPU.Build.0 = Release|Any CPU
		{23531440-0922-43EB-A483-6592FFC2F093}.Debug|Any CPU.ActiveCfg = Debug|Any CPU
		{23531440-0922-43EB-A483-6592FFC2F093}.Debug|Any CPU.Build.0 = Debug|Any CPU
		{23531440-0922-43EB-A483-6592FFC2F093}.Release|Any CPU.ActiveCfg = Release|Any CPU
		{23531440-0922-43EB-A483-6592FFC2F093}.Release|Any CPU.Build.0 = Release|Any CPU
		{22AB6F58-39BF-4580-821B-5900E31AC33A}.Debug|Any CPU.ActiveCfg = Debug|Any CPU
		{22AB6F58-39BF-4580-821B-5900E31AC33A}.Debug|Any CPU.Build.0 = Debug|Any CPU
		{22AB6F58-39BF-4580-821B-5900E31AC33A}.Release|Any CPU.ActiveCfg = Release|Any CPU
		{22AB6F58-39BF-4580-821B-5900E31AC33A}.Release|Any CPU.Build.0 = Release|Any CPU
		{AB1BF369-A9C4-4876-9797-178DB8AD437F}.Debug|Any CPU.ActiveCfg = Debug|Any CPU
		{AB1BF369-A9C4-4876-9797-178DB8AD437F}.Debug|Any CPU.Build.0 = Debug|Any CPU
		{AB1BF369-A9C4-4876-9797-178DB8AD437F}.Release|Any CPU.ActiveCfg = Release|Any CPU
		{AB1BF369-A9C4-4876-9797-178DB8AD437F}.Release|Any CPU.Build.0 = Release|Any CPU
		{E9588FE7-C19D-445E-BB53-AE539EA4F0E6}.Debug|Any CPU.ActiveCfg = Debug|Any CPU
		{E9588FE7-C19D-445E-BB53-AE539EA4F0E6}.Debug|Any CPU.Build.0 = Debug|Any CPU
		{E9588FE7-C19D-445E-BB53-AE539EA4F0E6}.Release|Any CPU.ActiveCfg = Release|Any CPU
		{E9588FE7-C19D-445E-BB53-AE539EA4F0E6}.Release|Any CPU.Build.0 = Release|Any CPU
		{7FBF7399-7815-4AC2-8DE8-B21AA8FE9048}.Debug|Any CPU.ActiveCfg = Debug|Any CPU
		{7FBF7399-7815-4AC2-8DE8-B21AA8FE9048}.Debug|Any CPU.Build.0 = Debug|Any CPU
		{7FBF7399-7815-4AC2-8DE8-B21AA8FE9048}.Release|Any CPU.ActiveCfg = Release|Any CPU
		{7FBF7399-7815-4AC2-8DE8-B21AA8FE9048}.Release|Any CPU.Build.0 = Release|Any CPU
		{6F3BE659-0653-4982-94D6-F1D9D8887E09}.Debug|Any CPU.ActiveCfg = Debug|Any CPU
		{6F3BE659-0653-4982-94D6-F1D9D8887E09}.Debug|Any CPU.Build.0 = Debug|Any CPU
		{6F3BE659-0653-4982-94D6-F1D9D8887E09}.Release|Any CPU.ActiveCfg = Release|Any CPU
		{6F3BE659-0653-4982-94D6-F1D9D8887E09}.Release|Any CPU.Build.0 = Release|Any CPU
		{69859DB2-4DE3-4DE4-A0BB-13861418378F}.Debug|Any CPU.ActiveCfg = Debug|Any CPU
		{69859DB2-4DE3-4DE4-A0BB-13861418378F}.Debug|Any CPU.Build.0 = Debug|Any CPU
		{69859DB2-4DE3-4DE4-A0BB-13861418378F}.Release|Any CPU.ActiveCfg = Release|Any CPU
		{69859DB2-4DE3-4DE4-A0BB-13861418378F}.Release|Any CPU.Build.0 = Release|Any CPU
		{8F82F8B0-95B6-4553-BDA8-BD9A954E682F}.Debug|Any CPU.ActiveCfg = Debug|Any CPU
		{8F82F8B0-95B6-4553-BDA8-BD9A954E682F}.Debug|Any CPU.Build.0 = Debug|Any CPU
		{8F82F8B0-95B6-4553-BDA8-BD9A954E682F}.Release|Any CPU.ActiveCfg = Release|Any CPU
		{8F82F8B0-95B6-4553-BDA8-BD9A954E682F}.Release|Any CPU.Build.0 = Release|Any CPU
		{9446B00C-E8A6-4CEB-83DE-2CAC5168DFE3}.Debug|Any CPU.ActiveCfg = Debug|Any CPU
		{9446B00C-E8A6-4CEB-83DE-2CAC5168DFE3}.Debug|Any CPU.Build.0 = Debug|Any CPU
		{9446B00C-E8A6-4CEB-83DE-2CAC5168DFE3}.Release|Any CPU.ActiveCfg = Release|Any CPU
		{9446B00C-E8A6-4CEB-83DE-2CAC5168DFE3}.Release|Any CPU.Build.0 = Release|Any CPU
		{1B1EA933-A4CF-40EA-91F8-0C359242B6B4}.Debug|Any CPU.ActiveCfg = Debug|Any CPU
		{1B1EA933-A4CF-40EA-91F8-0C359242B6B4}.Debug|Any CPU.Build.0 = Debug|Any CPU
		{1B1EA933-A4CF-40EA-91F8-0C359242B6B4}.Release|Any CPU.ActiveCfg = Release|Any CPU
		{1B1EA933-A4CF-40EA-91F8-0C359242B6B4}.Release|Any CPU.Build.0 = Release|Any CPU
		{34A9FF31-90E6-4C19-AD64-3C4512C521FE}.Debug|Any CPU.ActiveCfg = Debug|Any CPU
		{34A9FF31-90E6-4C19-AD64-3C4512C521FE}.Debug|Any CPU.Build.0 = Debug|Any CPU
		{34A9FF31-90E6-4C19-AD64-3C4512C521FE}.Release|Any CPU.ActiveCfg = Release|Any CPU
		{34A9FF31-90E6-4C19-AD64-3C4512C521FE}.Release|Any CPU.Build.0 = Release|Any CPU
		{DFE1C46F-BB18-4B6A-AE34-4366F58BEB5A}.Debug|Any CPU.ActiveCfg = Debug|Any CPU
		{DFE1C46F-BB18-4B6A-AE34-4366F58BEB5A}.Debug|Any CPU.Build.0 = Debug|Any CPU
		{DFE1C46F-BB18-4B6A-AE34-4366F58BEB5A}.Release|Any CPU.ActiveCfg = Release|Any CPU
		{DFE1C46F-BB18-4B6A-AE34-4366F58BEB5A}.Release|Any CPU.Build.0 = Release|Any CPU
	EndGlobalSection
	GlobalSection(SolutionProperties) = preSolution
		HideSolutionNode = FALSE
	EndGlobalSection
EndGlobal
