
Microsoft Visual Studio Solution File, Format Version 10.00
# Visual Studio 2008
Project("{FAE04EC0-301F-11D3-BF4B-00C04F79EFBC}") = "Db4objects.Db4o-2008", "..\Db4objects.Db4o\Db4objects.Db4o-2008.csproj", "{600CD3BF-2ED2-4183-87F7-ADD78A968AE0}"
EndProject
Project("{FAE04EC0-301F-11D3-BF4B-00C04F79EFBC}") = "Db4objects.Db4o.Linq-2008", "..\Db4objects.Db4o.Linq\Db4objects.Db4o.Linq-2008.csproj", "{23531440-0922-43EB-A483-6592FFC2F093}"
EndProject
Project("{FAE04EC0-301F-11D3-BF4B-00C04F79EFBC}") = "Db4objects.Db4o.Data.Services-2008", "..\Db4objects.Db4o.Data.Services\Db4objects.Db4o.Data.Services-2008.csproj", "{8DA7BEBC-170D-4F66-A215-6B3BDF73795F}"
EndProject
Project("{FAE04EC0-301F-11D3-BF4B-00C04F79EFBC}") = "Db4oUnit-2008", "..\Db4oUnit\Db4oUnit-2008.csproj", "{8F82F8B0-95B6-4553-BDA8-BD9A954E682F}"
EndProject
Project("{FAE04EC0-301F-11D3-BF4B-00C04F79EFBC}") = "Db4oUnit.Extensions-2008", "..\Db4oUnit.Extensions\Db4oUnit.Extensions-2008.csproj", "{9446B00C-E8A6-4CEB-83DE-2CAC5168DFE3}"
EndProject
Project("{FAE04EC0-301F-11D3-BF4B-00C04F79EFBC}") = "Db4objects.Db4o.Data.Services.Tests-2008", "Db4objects.Db4o.Data.Services.Tests-2008.csproj", "{27FDA74C-DDA4-41E0-838A-660B22283B7C}"
EndProject
Global
	GlobalSection(SolutionConfigurationPlatforms) = preSolution
		Debug|Any CPU = Debug|Any CPU
		Release|Any CPU = Release|Any CPU
	EndGlobalSection
	GlobalSection(ProjectConfigurationPlatforms) = postSolution
		{600CD3BF-2ED2-4183-87F7-ADD78A968AE0}.Debug|Any CPU.ActiveCfg = Debug|Any CPU
		{600CD3BF-2ED2-4183-87F7-ADD78A968AE0}.Debug|Any CPU.Build.0 = Debug|Any CPU
		{600CD3BF-2ED2-4183-87F7-ADD78A968AE0}.Release|Any CPU.ActiveCfg = Release|Any CPU
		{600CD3BF-2ED2-4183-87F7-ADD78A968AE0}.Release|Any CPU.Build.0 = Release|Any CPU
		{23531440-0922-43EB-A483-6592FFC2F093}.Debug|Any CPU.ActiveCfg = Debug|Any CPU
		{23531440-0922-43EB-A483-6592FFC2F093}.Debug|Any CPU.Build.0 = Debug|Any CPU
		{23531440-0922-43EB-A483-6592FFC2F093}.Release|Any CPU.ActiveCfg = Release|Any CPU
		{23531440-0922-43EB-A483-6592FFC2F093}.Release|Any CPU.Build.0 = Release|Any CPU
		{8DA7BEBC-170D-4F66-A215-6B3BDF73795F}.Debug|Any CPU.ActiveCfg = Debug|Any CPU
		{8DA7BEBC-170D-4F66-A215-6B3BDF73795F}.Debug|Any CPU.Build.0 = Debug|Any CPU
		{8DA7BEBC-170D-4F66-A215-6B3BDF73795F}.Release|Any CPU.ActiveCfg = Release|Any CPU
		{8DA7BEBC-170D-4F66-A215-6B3BDF73795F}.Release|Any CPU.Build.0 = Release|Any CPU
		{8F82F8B0-95B6-4553-BDA8-BD9A954E682F}.Debug|Any CPU.ActiveCfg = Debug|Any CPU
		{8F82F8B0-95B6-4553-BDA8-BD9A954E682F}.Debug|Any CPU.Build.0 = Debug|Any CPU
		{8F82F8B0-95B6-4553-BDA8-BD9A954E682F}.Release|Any CPU.ActiveCfg = Release|Any CPU
		{8F82F8B0-95B6-4553-BDA8-BD9A954E682F}.Release|Any CPU.Build.0 = Release|Any CPU
		{9446B00C-E8A6-4CEB-83DE-2CAC5168DFE3}.Debug|Any CPU.ActiveCfg = Debug|Any CPU
		{9446B00C-E8A6-4CEB-83DE-2CAC5168DFE3}.Debug|Any CPU.Build.0 = Debug|Any CPU
		{9446B00C-E8A6-4CEB-83DE-2CAC5168DFE3}.Release|Any CPU.ActiveCfg = Release|Any CPU
		{9446B00C-E8A6-4CEB-83DE-2CAC5168DFE3}.Release|Any CPU.Build.0 = Release|Any CPU
		{27FDA74C-DDA4-41E0-838A-660B22283B7C}.Debug|Any CPU.ActiveCfg = Debug|Any CPU
		{27FDA74C-DDA4-41E0-838A-660B22283B7C}.Debug|Any CPU.Build.0 = Debug|Any CPU
		{27FDA74C-DDA4-41E0-838A-660B22283B7C}.Release|Any CPU.ActiveCfg = Release|Any CPU
		{27FDA74C-DDA4-41E0-838A-660B22283B7C}.Release|Any CPU.Build.0 = Release|Any CPU
	EndGlobalSection
	GlobalSection(SolutionProperties) = preSolution
		HideSolutionNode = FALSE
	EndGlobalSection
EndGlobal
