
Microsoft Visual Studio Solution File, Format Version 10.00
# Visual Studio 2008
Project("{FAE04EC0-301F-11D3-BF4B-00C04F79EFBC}") = "Db4objects.Db4o.CFCompatibilityTests.Device-2008", "Db4objects.Db4o.CFCompatibilityTests.Device-2008.csproj", "{67F731E8-692E-4F4C-AF97-E50A5A117A84}"
EndProject
Project("{FAE04EC0-301F-11D3-BF4B-00C04F79EFBC}") = "Db4objects.Db4o-CF-2008", "..\..\Db4objects.Db4o\Db4objects.Db4o-CF-2008.csproj", "{95FD1C64-F1A3-4C8A-B170-D518E899B2FE}"
EndProject
Project("{FAE04EC0-301F-11D3-BF4B-00C04F79EFBC}") = "Db4oUnit-CF-2008", "..\..\Db4oUnit\Db4oUnit-CF-2008.csproj", "{7C7F460A-A3A0-40D5-872C-B7BA617F9BA7}"
EndProject
Project("{FAE04EC0-301F-11D3-BF4B-00C04F79EFBC}") = "Db4oUnit.Extensions-CF-2008", "..\..\Db4oUnit.Extensions\Db4oUnit.Extensions-CF-2008.csproj", "{6C7B5203-2178-4BFC-B8AB-D387D7C28A65}"
EndProject
Project("{FAE04EC0-301F-11D3-BF4B-00C04F79EFBC}") = "Tests.Subject-CF-2008", "..\Db4objects.Db4o.CFCompatibilityTests.Subject\Tests.Subject-CF-2008.csproj", "{7F388726-A3A0-4CF7-89F4-52926EA02D55}"
EndProject
Project("{FAE04EC0-301F-11D3-BF4B-00C04F79EFBC}") = "Db4objects.Db4o.CS-CF-2008", "..\..\Db4objects.Db4o.CS\Db4objects.Db4o.CS-CF-2008.csproj", "{89BB3D10-B9D5-4172-A0D9-3BB856AC5B85}"
EndProject
Project("{FAE04EC0-301F-11D3-BF4B-00C04F79EFBC}") = "Db4objects.Db4o.Optional-CF-2008", "..\..\Db4objects.Db4o.Optional\Db4objects.Db4o.Optional-CF-2008.csproj", "{667C616E-FEA2-4D5E-93F0-9D18D17275FA}"
EndProject
Global
	GlobalSection(SolutionConfigurationPlatforms) = preSolution
		Debug|Any CPU = Debug|Any CPU
		Release|Any CPU = Release|Any CPU
	EndGlobalSection
	GlobalSection(ProjectConfigurationPlatforms) = postSolution
		{67F731E8-692E-4F4C-AF97-E50A5A117A84}.Debug|Any CPU.ActiveCfg = Debug|Any CPU
		{67F731E8-692E-4F4C-AF97-E50A5A117A84}.Debug|Any CPU.Build.0 = Debug|Any CPU
		{67F731E8-692E-4F4C-AF97-E50A5A117A84}.Debug|Any CPU.Deploy.0 = Debug|Any CPU
		{67F731E8-692E-4F4C-AF97-E50A5A117A84}.Release|Any CPU.ActiveCfg = Release|Any CPU
		{67F731E8-692E-4F4C-AF97-E50A5A117A84}.Release|Any CPU.Build.0 = Release|Any CPU
		{67F731E8-692E-4F4C-AF97-E50A5A117A84}.Release|Any CPU.Deploy.0 = Release|Any CPU
		{95FD1C64-F1A3-4C8A-B170-D518E899B2FE}.Debug|Any CPU.ActiveCfg = Debug|Any CPU
		{95FD1C64-F1A3-4C8A-B170-D518E899B2FE}.Debug|Any CPU.Build.0 = Debug|Any CPU
		{95FD1C64-F1A3-4C8A-B170-D518E899B2FE}.Release|Any CPU.ActiveCfg = Release|Any CPU
		{95FD1C64-F1A3-4C8A-B170-D518E899B2FE}.Release|Any CPU.Build.0 = Release|Any CPU
		{7C7F460A-A3A0-40D5-872C-B7BA617F9BA7}.Debug|Any CPU.ActiveCfg = Debug|Any CPU
		{7C7F460A-A3A0-40D5-872C-B7BA617F9BA7}.Debug|Any CPU.Build.0 = Debug|Any CPU
		{7C7F460A-A3A0-40D5-872C-B7BA617F9BA7}.Release|Any CPU.ActiveCfg = Release|Any CPU
		{7C7F460A-A3A0-40D5-872C-B7BA617F9BA7}.Release|Any CPU.Build.0 = Release|Any CPU
		{6C7B5203-2178-4BFC-B8AB-D387D7C28A65}.Debug|Any CPU.ActiveCfg = Debug|Any CPU
		{6C7B5203-2178-4BFC-B8AB-D387D7C28A65}.Debug|Any CPU.Build.0 = Debug|Any CPU
		{6C7B5203-2178-4BFC-B8AB-D387D7C28A65}.Release|Any CPU.ActiveCfg = Release|Any CPU
		{6C7B5203-2178-4BFC-B8AB-D387D7C28A65}.Release|Any CPU.Build.0 = Release|Any CPU
		{7F388726-A3A0-4CF7-89F4-52926EA02D55}.Debug|Any CPU.ActiveCfg = Debug|Any CPU
		{7F388726-A3A0-4CF7-89F4-52926EA02D55}.Debug|Any CPU.Build.0 = Debug|Any CPU
		{7F388726-A3A0-4CF7-89F4-52926EA02D55}.Release|Any CPU.ActiveCfg = Release|Any CPU
		{7F388726-A3A0-4CF7-89F4-52926EA02D55}.Release|Any CPU.Build.0 = Release|Any CPU
		{89BB3D10-B9D5-4172-A0D9-3BB856AC5B85}.Debug|Any CPU.ActiveCfg = Debug|Any CPU
		{89BB3D10-B9D5-4172-A0D9-3BB856AC5B85}.Debug|Any CPU.Build.0 = Debug|Any CPU
		{89BB3D10-B9D5-4172-A0D9-3BB856AC5B85}.Release|Any CPU.ActiveCfg = Release|Any CPU
		{89BB3D10-B9D5-4172-A0D9-3BB856AC5B85}.Release|Any CPU.Build.0 = Release|Any CPU
		{667C616E-FEA2-4D5E-93F0-9D18D17275FA}.Debug|Any CPU.ActiveCfg = Debug|Any CPU
		{667C616E-FEA2-4D5E-93F0-9D18D17275FA}.Debug|Any CPU.Build.0 = Debug|Any CPU
		{667C616E-FEA2-4D5E-93F0-9D18D17275FA}.Release|Any CPU.ActiveCfg = Release|Any CPU
		{667C616E-FEA2-4D5E-93F0-9D18D17275FA}.Release|Any CPU.Build.0 = Release|Any CPU
	EndGlobalSection
	GlobalSection(SolutionProperties) = preSolution
		HideSolutionNode = FALSE
	EndGlobalSection
EndGlobal
