
Microsoft Visual Studio Solution File, Format Version 10.00
# Visual Studio 2008
Project("{FAE04EC0-301F-11D3-BF4B-00C04F79EFBC}") = "WixBuilder", "WixBuilder\WixBuilder.csproj", "{79DA6CF7-3520-4CDE-87D2-01A1AB48CAEA}"
EndProject
Project("{FAE04EC0-301F-11D3-BF4B-00C04F79EFBC}") = "WixBuilder.Tests", "WixBuilder.Tests\WixBuilder.Tests.csproj", "{167676A9-4809-431D-839D-6DBB772ABA4C}"
EndProject
Global
	GlobalSection(SolutionConfigurationPlatforms) = preSolution
		Debug|Any CPU = Debug|Any CPU
		Release|Any CPU = Release|Any CPU
	EndGlobalSection
	GlobalSection(ProjectConfigurationPlatforms) = postSolution
		{79DA6CF7-3520-4CDE-87D2-01A1AB48CAEA}.Debug|Any CPU.ActiveCfg = Debug|Any CPU
		{79DA6CF7-3520-4CDE-87D2-01A1AB48CAEA}.Debug|Any CPU.Build.0 = Debug|Any CPU
		{79DA6CF7-3520-4CDE-87D2-01A1AB48CAEA}.Release|Any CPU.ActiveCfg = Release|Any CPU
		{79DA6CF7-3520-4CDE-87D2-01A1AB48CAEA}.Release|Any CPU.Build.0 = Release|Any CPU
		{167676A9-4809-431D-839D-6DBB772ABA4C}.Debug|Any CPU.ActiveCfg = Debug|Any CPU
		{167676A9-4809-431D-839D-6DBB772ABA4C}.Debug|Any CPU.Build.0 = Debug|Any CPU
		{167676A9-4809-431D-839D-6DBB772ABA4C}.Release|Any CPU.ActiveCfg = Release|Any CPU
		{167676A9-4809-431D-839D-6DBB772ABA4C}.Release|Any CPU.Build.0 = Release|Any CPU
	EndGlobalSection
	GlobalSection(SolutionProperties) = preSolution
		HideSolutionNode = FALSE
	EndGlobalSection
EndGlobal
