
Microsoft Visual Studio Solution File, Format Version 10.00
# Visual Studio 2008
Project("{FAE04EC0-301F-11D3-BF4B-00C04F79EFBC}") = "Spikes", "Spikes\Spikes.csproj", "{459DA2AF-88DC-47CC-A2D0-1EC3330119F0}"
EndProject
Project("{FAE04EC0-301F-11D3-BF4B-00C04F79EFBC}") = "Db4objects.Db4o-2008", "..\..\db4o.net\Db4objects.Db4o\Db4objects.Db4o-2008.csproj", "{4FA6645B-E14B-4F18-A2CC-C1925663EFCE}"
EndProject
Project("{FAE04EC0-301F-11D3-BF4B-00C04F79EFBC}") = "LinqConsole", "LinqConsole\LinqConsole.csproj", "{D2EDD7D5-C939-4CCE-B965-09F8EB528558}"
EndProject
Project("{FAE04EC0-301F-11D3-BF4B-00C04F79EFBC}") = "ComputationServer", "ComputationServer\ComputationServer.csproj", "{DFB82639-5852-47A0-B847-E05A585B2C48}"
EndProject
Project("{FAE04EC0-301F-11D3-BF4B-00C04F79EFBC}") = "ComputationBlock", "..\ComputationBlock\ComputationBlock\ComputationBlock.csproj", "{D70F5340-AE23-46F3-89E5-91E735138F2F}"
EndProject
Global
	GlobalSection(SolutionConfigurationPlatforms) = preSolution
		Debug|Any CPU = Debug|Any CPU
		Release|Any CPU = Release|Any CPU
	EndGlobalSection
	GlobalSection(ProjectConfigurationPlatforms) = postSolution
		{459DA2AF-88DC-47CC-A2D0-1EC3330119F0}.Debug|Any CPU.ActiveCfg = Debug|Any CPU
		{459DA2AF-88DC-47CC-A2D0-1EC3330119F0}.Debug|Any CPU.Build.0 = Debug|Any CPU
		{459DA2AF-88DC-47CC-A2D0-1EC3330119F0}.Release|Any CPU.ActiveCfg = Release|Any CPU
		{459DA2AF-88DC-47CC-A2D0-1EC3330119F0}.Release|Any CPU.Build.0 = Release|Any CPU
		{4FA6645B-E14B-4F18-A2CC-C1925663EFCE}.Debug|Any CPU.ActiveCfg = Debug|Any CPU
		{4FA6645B-E14B-4F18-A2CC-C1925663EFCE}.Debug|Any CPU.Build.0 = Debug|Any CPU
		{4FA6645B-E14B-4F18-A2CC-C1925663EFCE}.Release|Any CPU.ActiveCfg = Release|Any CPU
		{4FA6645B-E14B-4F18-A2CC-C1925663EFCE}.Release|Any CPU.Build.0 = Release|Any CPU
		{D2EDD7D5-C939-4CCE-B965-09F8EB528558}.Debug|Any CPU.ActiveCfg = Debug|Any CPU
		{D2EDD7D5-C939-4CCE-B965-09F8EB528558}.Debug|Any CPU.Build.0 = Debug|Any CPU
		{D2EDD7D5-C939-4CCE-B965-09F8EB528558}.Release|Any CPU.ActiveCfg = Release|Any CPU
		{D2EDD7D5-C939-4CCE-B965-09F8EB528558}.Release|Any CPU.Build.0 = Release|Any CPU
		{DFB82639-5852-47A0-B847-E05A585B2C48}.Debug|Any CPU.ActiveCfg = Debug|Any CPU
		{DFB82639-5852-47A0-B847-E05A585B2C48}.Debug|Any CPU.Build.0 = Debug|Any CPU
		{DFB82639-5852-47A0-B847-E05A585B2C48}.Release|Any CPU.ActiveCfg = Release|Any CPU
		{DFB82639-5852-47A0-B847-E05A585B2C48}.Release|Any CPU.Build.0 = Release|Any CPU
		{D70F5340-AE23-46F3-89E5-91E735138F2F}.Debug|Any CPU.ActiveCfg = Debug|Any CPU
		{D70F5340-AE23-46F3-89E5-91E735138F2F}.Debug|Any CPU.Build.0 = Debug|Any CPU
		{D70F5340-AE23-46F3-89E5-91E735138F2F}.Release|Any CPU.ActiveCfg = Release|Any CPU
		{D70F5340-AE23-46F3-89E5-91E735138F2F}.Release|Any CPU.Build.0 = Release|Any CPU
	EndGlobalSection
	GlobalSection(SolutionProperties) = preSolution
		HideSolutionNode = FALSE
	EndGlobalSection
EndGlobal
