
Microsoft Visual Studio Solution File, Format Version 9.00
# Visual Studio 2005
Project("{FAE04EC0-301F-11D3-BF4B-00C04F79EFBC}") = "TimeStamps", "TimeStamps\TimeStamps.csproj", "{AC6C9B12-2C9E-46CC-A882-AC67352ABA40}"
EndProject
Project("{FAE04EC0-301F-11D3-BF4B-00C04F79EFBC}") = "Db4objects.Db4o-2005", "..\..\db4o.net\Db4objects.Db4o\Db4objects.Db4o-2005.csproj", "{4FA6645B-E14B-4F18-A2CC-C1925663EFCE}"
EndProject
Global
	GlobalSection(SolutionConfigurationPlatforms) = preSolution
		Debug|Any CPU = Debug|Any CPU
		Release|Any CPU = Release|Any CPU
	EndGlobalSection
	GlobalSection(ProjectConfigurationPlatforms) = postSolution
		{AC6C9B12-2C9E-46CC-A882-AC67352ABA40}.Debug|Any CPU.ActiveCfg = Debug|Any CPU
		{AC6C9B12-2C9E-46CC-A882-AC67352ABA40}.Debug|Any CPU.Build.0 = Debug|Any CPU
		{AC6C9B12-2C9E-46CC-A882-AC67352ABA40}.Release|Any CPU.ActiveCfg = Release|Any CPU
		{AC6C9B12-2C9E-46CC-A882-AC67352ABA40}.Release|Any CPU.Build.0 = Release|Any CPU
		{4FA6645B-E14B-4F18-A2CC-C1925663EFCE}.Debug|Any CPU.ActiveCfg = Debug|Any CPU
		{4FA6645B-E14B-4F18-A2CC-C1925663EFCE}.Debug|Any CPU.Build.0 = Debug|Any CPU
		{4FA6645B-E14B-4F18-A2CC-C1925663EFCE}.Release|Any CPU.ActiveCfg = Release|Any CPU
		{4FA6645B-E14B-4F18-A2CC-C1925663EFCE}.Release|Any CPU.Build.0 = Release|Any CPU
	EndGlobalSection
	GlobalSection(SolutionProperties) = preSolution
		HideSolutionNode = FALSE
	EndGlobalSection
EndGlobal
