
Microsoft Visual Studio Solution File, Format Version 11.00
# Visual Studio 2010
Project("{FAE04EC0-301F-11D3-BF4B-00C04F79EFBC}") = "LinqEverywhere", "LinqEverywhere\LinqEverywhere.csproj", "{9A2CA1BF-1CA4-4C07-A664-80966F8FDD11}"
EndProject
Global
	GlobalSection(SolutionConfigurationPlatforms) = preSolution
		Debug|Any CPU = Debug|Any CPU
		Release|Any CPU = Release|Any CPU
	EndGlobalSection
	GlobalSection(ProjectConfigurationPlatforms) = postSolution
		{9A2CA1BF-1CA4-4C07-A664-80966F8FDD11}.Debug|Any CPU.ActiveCfg = Debug|Any CPU
		{9A2CA1BF-1CA4-4C07-A664-80966F8FDD11}.Debug|Any CPU.Build.0 = Debug|Any CPU
		{9A2CA1BF-1CA4-4C07-A664-80966F8FDD11}.Release|Any CPU.ActiveCfg = Release|Any CPU
		{9A2CA1BF-1CA4-4C07-A664-80966F8FDD11}.Release|Any CPU.Build.0 = Release|Any CPU
	EndGlobalSection
	GlobalSection(SolutionProperties) = preSolution
		HideSolutionNode = FALSE
	EndGlobalSection
EndGlobal
